
Microsoft Visual Studio Solution File, Format Version 12.00
# Visual Studio Version 17
VisualStudioVersion = 17.5.002.0
MinimumVisualStudioVersion = 10.0.40219.1
Project("{9A19103F-16F7-4668-BE54-9A1E7A4F7556}") = "DesafioPOO", "DesafioPOO.csproj", "{D3CEF95A-A0F4-4960-AC92-E7E2CE6A2A14}"
EndProject
Global
	GlobalSection(SolutionConfigurationPlatforms) = preSolution
		Debug|Any CPU = Debug|Any CPU
		Release|Any CPU = Release|Any CPU
	EndGlobalSection
	GlobalSection(ProjectConfigurationPlatforms) = postSolution
		{D3CEF95A-A0F4-4960-AC92-E7E2CE6A2A14}.Debug|Any CPU.ActiveCfg = Debug|Any CPU
		{D3CEF95A-A0F4-4960-AC92-E7E2CE6A2A14}.Debug|Any CPU.Build.0 = Debug|Any CPU
		{D3CEF95A-A0F4-4960-AC92-E7E2CE6A2A14}.Release|Any CPU.ActiveCfg = Release|Any CPU
		{D3CEF95A-A0F4-4960-AC92-E7E2CE6A2A14}.Release|Any CPU.Build.0 = Release|Any CPU
	EndGlobalSection
	GlobalSection(SolutionProperties) = preSolution
		HideSolutionNode = FALSE
	EndGlobalSection
	GlobalSection(ExtensibilityGlobals) = postSolution
		SolutionGuid = {A03D8239-5B1A-4520-98F1-985BE1D9D1FE}
	EndGlobalSection
EndGlobal
